// !$*UTF8*$!
{
	archiveVersion = 1;
	classes = {
	};
	objectVersion = 46;
	objects = {

/* Begin PBXBuildFile section */
		993225121D20CBE2009FC871 /* AppDelegate.swift in Sources */ = {isa = PBXBuildFile; fileRef = 993225111D20CBE2009FC871 /* AppDelegate.swift */; };
		993225141D20CBE2009FC871 /* ViewController.swift in Sources */ = {isa = PBXBuildFile; fileRef = 993225131D20CBE2009FC871 /* ViewController.swift */; };
		993225171D20CBE2009FC871 /* Main.storyboard in Resources */ = {isa = PBXBuildFile; fileRef = 993225151D20CBE2009FC871 /* Main.storyboard */; };
		993225191D20CBE2009FC871 /* Assets.xcassets in Resources */ = {isa = PBXBuildFile; fileRef = 993225181D20CBE2009FC871 /* Assets.xcassets */; };
		9932251C1D20CBE2009FC871 /* LaunchScreen.storyboard in Resources */ = {isa = PBXBuildFile; fileRef = 9932251A1D20CBE2009FC871 /* LaunchScreen.storyboard */; };
		993225271D20CBE2009FC871 /* calculatorTests.swift in Sources */ = {isa = PBXBuildFile; fileRef = 993225261D20CBE2009FC871 /* calculatorTests.swift */; };
		993225321D20CBE2009FC871 /* calculatorUITests.swift in Sources */ = {isa = PBXBuildFile; fileRef = 993225311D20CBE2009FC871 /* calculatorUITests.swift */; };
		993225401D20CF5B009FC871 /* mh52egwp4ls.jpg in Resources */ = {isa = PBXBuildFile; fileRef = 9932253F1D20CF5B009FC871 /* mh52egwp4ls.jpg */; };
		993225421D20D05B009FC871 /* u=2539552976,4006656190&fm=11&gp=0.jpg in Resources */ = {isa = PBXBuildFile; fileRef = 993225411D20D05B009FC871 /* u=2539552976,4006656190&fm=11&gp=0.jpg */; };
/* End PBXBuildFile section */

/* Begin PBXContainerItemProxy section */
		993225231D20CBE2009FC871 /* PBXContainerItemProxy */ = {
			isa = PBXContainerItemProxy;
			containerPortal = 993225061D20CBE2009FC871 /* Project object */;
			proxyType = 1;
			remoteGlobalIDString = 9932250D1D20CBE2009FC871;
			remoteInfo = calculator;
		};
		9932252E1D20CBE2009FC871 /* PBXContainerItemProxy */ = {
			isa = PBXContainerItemProxy;
			containerPortal = 993225061D20CBE2009FC871 /* Project object */;
			proxyType = 1;
			remoteGlobalIDString = 9932250D1D20CBE2009FC871;
			remoteInfo = calculator;
		};
/* End PBXContainerItemProxy section */

/* Begin PBXFileReference section */
		9932250E1D20CBE2009FC871 /* calculator.app */ = {isa = PBXFileReference; explicitFileType = wrapper.application; includeInIndex = 0; path = calculator.app; sourceTree = BUILT_PRODUCTS_DIR; };
		993225111D20CBE2009FC871 /* AppDelegate.swift */ = {isa = PBXFileReference; lastKnownFileType = sourcecode.swift; path = AppDelegate.swift; sourceTree = "<group>"; };
		993225131D20CBE2009FC871 /* ViewController.swift */ = {isa = PBXFileReference; lastKnownFileType = sourcecode.swift; path = ViewController.swift; sourceTree = "<group>"; };
		993225161D20CBE2009FC871 /* Base */ = {isa = PBXFileReference; lastKnownFileType = file.storyboard; name = Base; path = Base.lproj/Main.storyboard; sourceTree = "<group>"; };
		993225181D20CBE2009FC871 /* Assets.xcassets */ = {isa = PBXFileReference; lastKnownFileType = folder.assetcatalog; path = Assets.xcassets; sourceTree = "<group>"; };
		9932251B1D20CBE2009FC871 /* Base */ = {isa = PBXFileReference; lastKnownFileType = file.storyboard; name = Base; path = Base.lproj/LaunchScreen.storyboard; sourceTree = "<group>"; };
		9932251D1D20CBE2009FC871 /* Info.plist */ = {isa = PBXFileReference; lastKnownFileType = text.plist.xml; path = Info.plist; sourceTree = "<group>"; };
		993225221D20CBE2009FC871 /* calculatorTests.xctest */ = {isa = PBXFileReference; explicitFileType = wrapper.cfbundle; includeInIndex = 0; path = calculatorTests.xctest; sourceTree = BUILT_PRODUCTS_DIR; };
		993225261D20CBE2009FC871 /* calculatorTests.swift */ = {isa = PBXFileReference; lastKnownFileType = sourcecode.swift; path = calculatorTests.swift; sourceTree = "<group>"; };
		993225281D20CBE2009FC871 /* Info.plist */ = {isa = PBXFileReference; lastKnownFileType = text.plist.xml; path = Info.plist; sourceTree = "<group>"; };
		9932252D1D20CBE2009FC871 /* calculatorUITests.xctest */ = {isa = PBXFileReference; explicitFileType = wrapper.cfbundle; includeInIndex = 0; path = calculatorUITests.xctest; sourceTree = BUILT_PRODUCTS_DIR; };
		993225311D20CBE2009FC871 /* calculatorUITests.swift */ = {isa = PBXFileReference; lastKnownFileType = sourcecode.swift; path = calculatorUITests.swift; sourceTree = "<group>"; };
		993225331D20CBE2009FC871 /* Info.plist */ = {isa = PBXFileReference; lastKnownFileType = text.plist.xml; path = Info.plist; sourceTree = "<group>"; };
		9932253F1D20CF5B009FC871 /* mh52egwp4ls.jpg */ = {isa = PBXFileReference; lastKnownFileType = image.jpeg; name = mh52egwp4ls.jpg; path = ../../mh52egwp4ls.jpg; sourceTree = "<group>"; };
		993225411D20D05B009FC871 /* u=2539552976,4006656190&fm=11&gp=0.jpg */ = {isa = PBXFileReference; lastKnownFileType = image.jpeg; name = "u=2539552976,4006656190&fm=11&gp=0.jpg"; path = "../../u=2539552976,4006656190&fm=11&gp=0.jpg"; sourceTree = "<group>"; };
/* End PBXFileReference section */

/* Begin PBXFrameworksBuildPhase section */
		9932250B1D20CBE2009FC871 /* Frameworks */ = {
			isa = PBXFrameworksBuildPhase;
			buildActionMask = 2147483647;
			files = (
			);
			runOnlyForDeploymentPostprocessing = 0;
		};
		9932251F1D20CBE2009FC871 /* Frameworks */ = {
			isa = PBXFrameworksBuildPhase;
			buildActionMask = 2147483647;
			files = (
			);
			runOnlyForDeploymentPostprocessing = 0;
		};
		9932252A1D20CBE2009FC871 /* Frameworks */ = {
			isa = PBXFrameworksBuildPhase;
			buildActionMask = 2147483647;
			files = (
			);
			runOnlyForDeploymentPostprocessing = 0;
		};
/* End PBXFrameworksBuildPhase section */

/* Begin PBXGroup section */
		993225051D20CBE2009FC871 = {
			isa = PBXGroup;
			children = (
				993225101D20CBE2009FC871 /* calculator */,
				993225251D20CBE2009FC871 /* calculatorTests */,
				993225301D20CBE2009FC871 /* calculatorUITests */,
				9932250F1D20CBE2009FC871 /* Products */,
			);
			sourceTree = "<group>";
		};
		9932250F1D20CBE2009FC871 /* Products */ = {
			isa = PBXGroup;
			children = (
				9932250E1D20CBE2009FC871 /* calculator.app */,
				993225221D20CBE2009FC871 /* calculatorTests.xctest */,
				9932252D1D20CBE2009FC871 /* calculatorUITests.xctest */,
			);
			name = Products;
			sourceTree = "<group>";
		};
		993225101D20CBE2009FC871 /* calculator */ = {
			isa = PBXGroup;
			children = (
				993225111D20CBE2009FC871 /* AppDelegate.swift */,
				993225131D20CBE2009FC871 /* ViewController.swift */,
				993225151D20CBE2009FC871 /* Main.storyboard */,
				993225181D20CBE2009FC871 /* Assets.xcassets */,
				9932251A1D20CBE2009FC871 /* LaunchScreen.storyboard */,
				9932251D1D20CBE2009FC871 /* Info.plist */,
				9932253F1D20CF5B009FC871 /* mh52egwp4ls.jpg */,
				993225411D20D05B009FC871 /* u=2539552976,4006656190&fm=11&gp=0.jpg */,
			);
			path = calculator;
			sourceTree = "<group>";
		};
		993225251D20CBE2009FC871 /* calculatorTests */ = {
			isa = PBXGroup;
			children = (
				993225261D20CBE2009FC871 /* calculatorTests.swift */,
				993225281D20CBE2009FC871 /* Info.plist */,
			);
			path = calculatorTests;
			sourceTree = "<group>";
		};
		993225301D20CBE2009FC871 /* calculatorUITests */ = {
			isa = PBXGroup;
			children = (
				993225311D20CBE2009FC871 /* calculatorUITests.swift */,
				993225331D20CBE2009FC871 /* Info.plist */,
			);
			path = calculatorUITests;
			sourceTree = "<group>";
		};
/* End PBXGroup section */

/* Begin PBXNativeTarget section */
		9932250D1D20CBE2009FC871 /* calculator */ = {
			isa = PBXNativeTarget;
			buildConfigurationList = 993225361D20CBE2009FC871 /* Build configuration list for PBXNativeTarget "calculator" */;
			buildPhases = (
				9932250A1D20CBE2009FC871 /* Sources */,
				9932250B1D20CBE2009FC871 /* Frameworks */,
				9932250C1D20CBE2009FC871 /* Resources */,
			);
			buildRules = (
			);
			dependencies = (
			);
			name = calculator;
			productName = calculator;
			productReference = 9932250E1D20CBE2009FC871 /* calculator.app */;
			productType = "com.apple.product-type.application";
		};
		993225211D20CBE2009FC871 /* calculatorTests */ = {
			isa = PBXNativeTarget;
			buildConfigurationList = 993225391D20CBE2009FC871 /* Build configuration list for PBXNativeTarget "calculatorTests" */;
			buildPhases = (
				9932251E1D20CBE2009FC871 /* Sources */,
				9932251F1D20CBE2009FC871 /* Frameworks */,
				993225201D20CBE2009FC871 /* Resources */,
			);
			buildRules = (
			);
			dependencies = (
				993225241D20CBE2009FC871 /* PBXTargetDependency */,
			);
			name = calculatorTests;
			productName = calculatorTests;
			productReference = 993225221D20CBE2009FC871 /* calculatorTests.xctest */;
			productType = "com.apple.product-type.bundle.unit-test";
		};
		9932252C1D20CBE2009FC871 /* calculatorUITests */ = {
			isa = PBXNativeTarget;
			buildConfigurationList = 9932253C1D20CBE2009FC871 /* Build configuration list for PBXNativeTarget "calculatorUITests" */;
			buildPhases = (
				993225291D20CBE2009FC871 /* Sources */,
				9932252A1D20CBE2009FC871 /* Frameworks */,
				9932252B1D20CBE2009FC871 /* Resources */,
			);
			buildRules = (
			);
			dependencies = (
				9932252F1D20CBE2009FC871 /* PBXTargetDependency */,
			);
			name = calculatorUITests;
			productName = calculatorUITests;
			productReference = 9932252D1D20CBE2009FC871 /* calculatorUITests.xctest */;
			productType = "com.apple.product-type.bundle.ui-testing";
		};
/* End PBXNativeTarget section */

/* Begin PBXProject section */
		993225061D20CBE2009FC871 /* Project object */ = {
			isa = PBXProject;
			attributes = {
				LastSwiftUpdateCheck = 0730;
				LastUpgradeCheck = 0730;
				ORGANIZATIONNAME = 20141105059c;
				TargetAttributes = {
					9932250D1D20CBE2009FC871 = {
						CreatedOnToolsVersion = 7.3.1;
					};
					993225211D20CBE2009FC871 = {
						CreatedOnToolsVersion = 7.3.1;
						TestTargetID = 9932250D1D20CBE2009FC871;
					};
					9932252C1D20CBE2009FC871 = {
						CreatedOnToolsVersion = 7.3.1;
						TestTargetID = 9932250D1D20CBE2009FC871;
					};
				};
			};
			buildConfigurationList = 993225091D20CBE2009FC871 /* Build configuration list for PBXProject "calculator" */;
			compatibilityVersion = "Xcode 3.2";
			developmentRegion = English;
			hasScannedForEncodings = 0;
			knownRegions = (
				en,
				Base,
			);
			mainGroup = 993225051D20CBE2009FC871;
			productRefGroup = 9932250F1D20CBE2009FC871 /* Products */;
			projectDirPath = "";
			projectRoot = "";
			targets = (
				9932250D1D20CBE2009FC871 /* calculator */,
				993225211D20CBE2009FC871 /* calculatorTests */,
				9932252C1D20CBE2009FC871 /* calculatorUITests */,
			);
		};
/* End PBXProject section */

/* Begin PBXResourcesBuildPhase section */
		9932250C1D20CBE2009FC871 /* Resources */ = {
			isa = PBXResourcesBuildPhase;
			buildActionMask = 2147483647;
			files = (
				993225401D20CF5B009FC871 /* mh52egwp4ls.jpg in Resources */,
				993225421D20D05B009FC871 /* u=2539552976,4006656190&fm=11&gp=0.jpg in Resources */,
				9932251C1D20CBE2009FC871 /* LaunchScreen.storyboard in Resources */,
				993225191D20CBE2009FC871 /* Assets.xcassets in Resources */,
				993225171D20CBE2009FC871 /* Main.storyboard in Resources */,
			);
			runOnlyForDeploymentPostprocessing = 0;
		};
		993225201D20CBE2009FC871 /* Resources */ = {
			isa = PBXResourcesBuildPhase;
			buildActionMask = 2147483647;
			files = (
			);
			runOnlyForDeploymentPostprocessing = 0;
		};
		9932252B1D20CBE2009FC871 /* Resources */ = {
			isa = PBXResourcesBuildPhase;
			buildActionMask = 2147483647;
			files = (
			);
			runOnlyForDeploymentPostprocessing = 0;
		};
/* End PBXResourcesBuildPhase section */

/* Begin PBXSourcesBuildPhase section */
		9932250A1D20CBE2009FC871 /* Sources */ = {
			isa = PBXSourcesBuildPhase;
			buildActionMask = 2147483647;
			files = (
				993225141D20CBE2009FC871 /* ViewController.swift in Sources */,
				993225121D20CBE2009FC871 /* AppDelegate.swift in Sources */,
			);
			runOnlyForDeploymentPostprocessing = 0;
		};
		9932251E1D20CBE2009FC871 /* Sources */ = {
			isa = PBXSourcesBuildPhase;
			buildActionMask = 2147483647;
			files = (
				993225271D20CBE2009FC871 /* calculatorTests.swift in Sources */,
			);
			runOnlyForDeploymentPostprocessing = 0;
		};
		993225291D20CBE2009FC871 /* Sources */ = {
			isa = PBXSourcesBuildPhase;
			buildActionMask = 2147483647;
			files = (
				993225321D20CBE2009FC871 /* calculatorUITests.swift in Sources */,
			);
			runOnlyForDeploymentPostprocessing = 0;
		};
/* End PBXSourcesBuildPhase section */

/* Begin PBXTargetDependency section */
		993225241D20CBE2009FC871 /* PBXTargetDependency */ = {
			isa = PBXTargetDependency;
			target = 9932250D1D20CBE2009FC871 /* calculator */;
			targetProxy = 993225231D20CBE2009FC871 /* PBXContainerItemProxy */;
		};
		9932252F1D20CBE2009FC871 /* PBXTargetDependency */ = {
			isa = PBXTargetDependency;
			target = 9932250D1D20CBE2009FC871 /* calculator */;
			targetProxy = 9932252E1D20CBE2009FC871 /* PBXContainerItemProxy */;
		};
/* End PBXTargetDependency section */

/* Begin PBXVariantGroup section */
		993225151D20CBE2009FC871 /* Main.storyboard */ = {
			isa = PBXVariantGroup;
			children = (
				993225161D20CBE2009FC871 /* Base */,
			);
			name = Main.storyboard;
			sourceTree = "<group>";
		};
		9932251A1D20CBE2009FC871 /* LaunchScreen.storyboard */ = {
			isa = PBXVariantGroup;
			children = (
				9932251B1D20CBE2009FC871 /* Base */,
			);
			name = LaunchScreen.storyboard;
			sourceTree = "<group>";
		};
/* End PBXVariantGroup section */

/* Begin XCBuildConfiguration section */
		993225341D20CBE2009FC871 /* Debug */ = {
			isa = XCBuildConfiguration;
			buildSettings = {
				ALWAYS_SEARCH_USER_PATHS = NO;
				CLANG_ANALYZER_NONNULL = YES;
				CLANG_CXX_LANGUAGE_STANDARD = "gnu++0x";
				CLANG_CXX_LIBRARY = "libc++";
				CLANG_ENABLE_MODULES = YES;
				CLANG_ENABLE_OBJC_ARC = YES;
				CLANG_WARN_BOOL_CONVERSION = YES;
				CLANG_WARN_CONSTANT_CONVERSION = YES;
				CLANG_WARN_DIRECT_OBJC_ISA_USAGE = YES_ERROR;
				CLANG_WARN_EMPTY_BODY = YES;
				CLANG_WARN_ENUM_CONVERSION = YES;
				CLANG_WARN_INT_CONVERSION = YES;
				CLANG_WARN_OBJC_ROOT_CLASS = YES_ERROR;
				CLANG_WARN_UNREACHABLE_CODE = YES;
				CLANG_WARN__DUPLICATE_METHOD_MATCH = YES;
				"CODE_SIGN_IDENTITY[sdk=iphoneos*]" = "iPhone Developer";
				COPY_PHASE_STRIP = NO;
				DEBUG_INFORMATION_FORMAT = dwarf;
				ENABLE_STRICT_OBJC_MSGSEND = YES;
				ENABLE_TESTABILITY = YES;
				GCC_C_LANGUAGE_STANDARD = gnu99;
				GCC_DYNAMIC_NO_PIC = NO;
				GCC_NO_COMMON_BLOCKS = YES;
				GCC_OPTIMIZATION_LEVEL = 0;
				GCC_PREPROCESSOR_DEFINITIONS = (
					"DEBUG=1",
					"$(inherited)",
				);
				GCC_WARN_64_TO_32_BIT_CONVERSION = YES;
				GCC_WARN_ABOUT_RETURN_TYPE = YES_ERROR;
				GCC_WARN_UNDECLARED_SELECTOR = YES;
				GCC_WARN_UNINITIALIZED_AUTOS = YES_AGGRESSIVE;
				GCC_WARN_UNUSED_FUNCTION = YES;
				GCC_WARN_UNUSED_VARIABLE = YES;
				IPHONEOS_DEPLOYMENT_TARGET = 9.3;
				MTL_ENABLE_DEBUG_INFO = YES;
				ONLY_ACTIVE_ARCH = YES;
				SDKROOT = iphoneos;
				SWIFT_OPTIMIZATION_LEVEL = "-Onone";
				TARGETED_DEVICE_FAMILY = "1,2";
			};
			name = Debug;
		};
		993225351D20CBE2009FC871 /* Release */ = {
			isa = XCBuildConfiguration;
			buildSettings = {
				ALWAYS_SEARCH_USER_PATHS = NO;
				CLANG_ANALYZER_NONNULL = YES;
				CLANG_CXX_LANGUAGE_STANDARD = "gnu++0x";
				CLANG_CXX_LIBRARY = "libc++";
				CLANG_ENABLE_MODULES = YES;
				CLANG_ENABLE_OBJC_ARC = YES;
				CLANG_WARN_BOOL_CONVERSION = YES;
				CLANG_WARN_CONSTANT_CONVERSION = YES;
				CLANG_WARN_DIRECT_OBJC_ISA_USAGE = YES_ERROR;
				CLANG_WARN_EMPTY_BODY = YES;
				CLANG_WARN_ENUM_CONVERSION = YES;
				CLANG_WARN_INT_CONVERSION = YES;
				CLANG_WARN_OBJC_ROOT_CLASS = YES_ERROR;
				CLANG_WARN_UNREACHABLE_CODE = YES;
				CLANG_WARN__DUPLICATE_METHOD_MATCH = YES;
				"CODE_SIGN_IDENTITY[sdk=iphoneos*]" = "iPhone Developer";
				COPY_PHASE_STRIP = NO;
				DEBUG_INFORMATION_FORMAT = "dwarf-with-dsym";
				ENABLE_NS_ASSERTIONS = NO;
				ENABLE_STRICT_OBJC_MSGSEND = YES;
				GCC_C_LANGUAGE_STANDARD = gnu99;
				GCC_NO_COMMON_BLOCKS = YES;
				GCC_WARN_64_TO_32_BIT_CONVERSION = YES;
				GCC_WARN_ABOUT_RETURN_TYPE = YES_ERROR;
				GCC_WARN_UNDECLARED_SELECTOR = YES;
				GCC_WARN_UNINITIALIZED_AUTOS = YES_AGGRESSIVE;
				GCC_WARN_UNUSED_FUNCTION = YES;
				GCC_WARN_UNUSED_VARIABLE = YES;
				IPHONEOS_DEPLOYMENT_TARGET = 9.3;
				MTL_ENABLE_DEBUG_INFO = NO;
				SDKROOT = iphoneos;
				TARGETED_DEVICE_FAMILY = "1,2";
				VALIDATE_PRODUCT = YES;
			};
			name = Release;
		};
		993225371D20CBE2009FC871 /* Debug */ = {
			isa = XCBuildConfiguration;
			buildSettings = {
				ASSETCATALOG_COMPILER_APPICON_NAME = AppIcon;
				INFOPLIST_FILE = calculator/Info.plist;
				LD_RUNPATH_SEARCH_PATHS = "$(inherited) @executable_path/Frameworks";
				PRODUCT_BUNDLE_IDENTIFIER = ciecmac.calculator;
				PRODUCT_NAME = "$(TARGET_NAME)";
			};
			name = Debug;
		};
		993225381D20CBE2009FC871 /* Release */ = {
			isa = XCBuildConfiguration;
			buildSettings = {
				ASSETCATALOG_COMPILER_APPICON_NAME = AppIcon;
				INFOPLIST_FILE = calculator/Info.plist;
				LD_RUNPATH_SEARCH_PATHS = "$(inherited) @executable_path/Frameworks";
				PRODUCT_BUNDLE_IDENTIFIER = ciecmac.calculator;
				PRODUCT_NAME = "$(TARGET_NAME)";
			};
			name = Release;
		};
		9932253A1D20CBE2009FC871 /* Debug */ = {
			isa = XCBuildConfiguration;
			buildSettings = {
				BUNDLE_LOADER = "$(TEST_HOST)";
				INFOPLIST_FILE = calculatorTests/Info.plist;
				LD_RUNPATH_SEARCH_PATHS = "$(inherited) @executable_path/Frameworks @loader_path/Frameworks";
				PRODUCT_BUNDLE_IDENTIFIER = ciecmac.calculatorTests;
				PRODUCT_NAME = "$(TARGET_NAME)";
				TEST_HOST = "$(BUILT_PRODUCTS_DIR)/calculator.app/calculator";
			};
			name = Debug;
		};
		9932253B1D20CBE2009FC871 /* Release */ = {
			isa = XCBuildConfiguration;
			buildSettings = {
				BUNDLE_LOADER = "$(TEST_HOST)";
				INFOPLIST_FILE = calculatorTests/Info.plist;
				LD_RUNPATH_SEARCH_PATHS = "$(inherited) @executable_path/Frameworks @loader_path/Frameworks";
				PRODUCT_BUNDLE_IDENTIFIER = ciecmac.calculatorTests;
				PRODUCT_NAME = "$(TARGET_NAME)";
				TEST_HOST = "$(BUILT_PRODUCTS_DIR)/calculator.app/calculator";
			};
			name = Release;
		};
		9932253D1D20CBE2009FC871 /* Debug */ = {
			isa = XCBuildConfiguration;
			buildSettings = {
				INFOPLIST_FILE = calculatorUITests/Info.plist;
				LD_RUNPATH_SEARCH_PATHS = "$(inherited) @executable_path/Frameworks @loader_path/Frameworks";
				PRODUCT_BUNDLE_IDENTIFIER = ciecmac.calculatorUITests;
				PRODUCT_NAME = "$(TARGET_NAME)";
				TEST_TARGET_NAME = calculator;
			};
			name = Debug;
		};
		9932253E1D20CBE2009FC871 /* Release */ = {
			isa = XCBuildConfiguration;
			buildSettings = {
				INFOPLIST_FILE = calculatorUITests/Info.plist;
				LD_RUNPATH_SEARCH_PATHS = "$(inherited) @executable_path/Frameworks @loader_path/Frameworks";
				PRODUCT_BUNDLE_IDENTIFIER = ciecmac.calculatorUITests;
				PRODUCT_NAME = "$(TARGET_NAME)";
				TEST_TARGET_NAME = calculator;
			};
			name = Release;
		};
/* End XCBuildConfiguration section */

/* Begin XCConfigurationList section */
		993225091D20CBE2009FC871 /* Build configuration list for PBXProject "calculator" */ = {
			isa = XCConfigurationList;
			buildConfigurations = (
				993225341D20CBE2009FC871 /* Debug */,
				993225351D20CBE2009FC871 /* Release */,
			);
			defaultConfigurationIsVisible = 0;
			defaultConfigurationName = Release;
		};
		993225361D20CBE2009FC871 /* Build configuration list for PBXNativeTarget "calculator" */ = {
			isa = XCConfigurationList;
			buildConfigurations = (
				993225371D20CBE2009FC871 /* Debug */,
				993225381D20CBE2009FC871 /* Release */,
			);
			defaultConfigurationIsVisible = 0;
			defaultConfigurationName = Release;
		};
		993225391D20CBE2009FC871 /* Build configuration list for PBXNativeTarget "calculatorTests" */ = {
			isa = XCConfigurationList;
			buildConfigurations = (
				9932253A1D20CBE2009FC871 /* Debug */,
				9932253B1D20CBE2009FC871 /* Release */,
			);
			defaultConfigurationIsVisible = 0;
			defaultConfigurationName = Release;
		};
		9932253C1D20CBE2009FC871 /* Build configuration list for PBXNativeTarget "calculatorUITests" */ = {
			isa = XCConfigurationList;
			buildConfigurations = (
				9932253D1D20CBE2009FC871 /* Debug */,
				9932253E1D20CBE2009FC871 /* Release */,
			);
			defaultConfigurationIsVisible = 0;
			defaultConfigurationName = Release;
		};
/* End XCConfigurationList section */
	};
	rootObject = 993225061D20CBE2009FC871 /* Project object */;
}
